
Microsoft Visual Studio Solution File, Format Version 12.00
# Visual Studio Version 16
VisualStudioVersion = 16.0.32106.194
MinimumVisualStudioVersion = 10.0.40219.1
Project("{FAE04EC0-301F-11D3-BF4B-00C04F79EFBC}") = "PM2E144.Android", "PM2E144\PM2E144.Android\PM2E144.Android.csproj", "{9B8E274B-D4E9-4A3F-A58C-E7E131FB9995}"
EndProject
Project("{9A19103F-16F7-4668-BE54-9A1E7A4F7556}") = "PM2E144", "PM2E144\PM2E144\PM2E144.csproj", "{8804F23A-D9AF-46EE-B934-4C74EB67CD91}"
EndProject
Global
	GlobalSection(SolutionConfigurationPlatforms) = preSolution
		Debug|Any CPU = Debug|Any CPU
		Release|Any CPU = Release|Any CPU
	EndGlobalSection
	GlobalSection(ProjectConfigurationPlatforms) = postSolution
		{9B8E274B-D4E9-4A3F-A58C-E7E131FB9995}.Debug|Any CPU.ActiveCfg = Debug|Any CPU
		{9B8E274B-D4E9-4A3F-A58C-E7E131FB9995}.Debug|Any CPU.Build.0 = Debug|Any CPU
		{9B8E274B-D4E9-4A3F-A58C-E7E131FB9995}.Debug|Any CPU.Deploy.0 = Debug|Any CPU
		{9B8E274B-D4E9-4A3F-A58C-E7E131FB9995}.Release|Any CPU.ActiveCfg = Release|Any CPU
		{9B8E274B-D4E9-4A3F-A58C-E7E131FB9995}.Release|Any CPU.Build.0 = Release|Any CPU
		{9B8E274B-D4E9-4A3F-A58C-E7E131FB9995}.Release|Any CPU.Deploy.0 = Release|Any CPU
		{8804F23A-D9AF-46EE-B934-4C74EB67CD91}.Debug|Any CPU.ActiveCfg = Debug|Any CPU
		{8804F23A-D9AF-46EE-B934-4C74EB67CD91}.Debug|Any CPU.Build.0 = Debug|Any CPU
		{8804F23A-D9AF-46EE-B934-4C74EB67CD91}.Debug|Any CPU.Deploy.0 = Debug|Any CPU
		{8804F23A-D9AF-46EE-B934-4C74EB67CD91}.Release|Any CPU.ActiveCfg = Release|Any CPU
		{8804F23A-D9AF-46EE-B934-4C74EB67CD91}.Release|Any CPU.Build.0 = Release|Any CPU
		{8804F23A-D9AF-46EE-B934-4C74EB67CD91}.Release|Any CPU.Deploy.0 = Release|Any CPU
	EndGlobalSection
	GlobalSection(SolutionProperties) = preSolution
		HideSolutionNode = FALSE
	EndGlobalSection
	GlobalSection(ExtensibilityGlobals) = postSolution
		SolutionGuid = {9B17A32D-F30A-40D4-AC69-69AA7FA365F0}
	EndGlobalSection
EndGlobal
